<?xml version="1.0" encoding="utf-8"?>
<Project ToolsVersion="4.0" xmlns="http://schemas.microsoft.com/developer/msbuild/2003">
  <ItemGroup>
    <Filter Include="Source Files">
      <UniqueIdentifier>{4FC737F1-C7A5-4376-A066-2A32D752A2FF}</UniqueIdentifier>
      <Extensions>cpp;c;cc;cxx;def;odl;idl;hpj;bat;asm;asmx</Extensions>
    </Filter>
    <Filter Include="Header Files">
      <UniqueIdentifier>{93995380-89BD-4b04-88EB-625FBE52EBFB}</UniqueIdentifier>
      <Extensions>h;hh;hpp;hxx;hm;inl;inc;ipp;xsd</Extensions>
    </Filter>
    <Filter Include="Resource Files">
      <UniqueIdentifier>{67DA6AB6-F800-4c08-8B7A-83BB121AAD01}</UniqueIdentifier>
      <Extensions>rc;ico;cur;bmp;dlg;rc2;rct;bin;rgs;gif;jpg;jpeg;jpe;resx;tiff;tif;png;wav;mfcribbon-ms</Extensions>
    </Filter>
    <Filter Include="Header Files\PCA">
      <UniqueIdentifier>{b45a1808-96b8-4bcd-bf60-ba0a7879c3e6}</UniqueIdentifier>
    </Filter>
    <Filter Include="Header Files\MeshDecimation">
      <UniqueIdentifier>{495b7597-70ef-4381-8087-092f7baf1c5f}</UniqueIdentifier>
    </Filter>
    <Filter Include="Header Files\KNN">
      <UniqueIdentifier>{fcc5e75e-8b5d-4e24-b94f-32b3267ddbdf}</UniqueIdentifier>
    </Filter>
  </ItemGroup>
  <ItemGroup>
    <ClCompile Include="MeshRenderer.cpp">
      <Filter>Source Files</Filter>
    </ClCompile>
    <ClCompile Include="PlyReader.cpp">
      <Filter>Source Files</Filter>
    </ClCompile>
    <ClCompile Include="zpr.cpp">
      <Filter>Source Files</Filter>
    </ClCompile>
    <ClCompile Include="plyfile.cpp">
      <Filter>Source Files</Filter>
    </ClCompile>
    <ClCompile Include="Grid.cpp">
      <Filter>Source Files</Filter>
    </ClCompile>
    <ClCompile Include="ScalarAttributes.cpp">
      <Filter>Source Files</Filter>
    </ClCompile>
    <ClCompile Include="SimpleRenderer.cpp">
      <Filter>Source Files</Filter>
    </ClCompile>
    <ClCompile Include="UnstructuredGrid3D.cpp">
      <Filter>Source Files</Filter>
    </ClCompile>
    <ClCompile Include="UnstructuredGrid.cpp">
      <Filter>Source Files</Filter>
    </ClCompile>
    <ClCompile Include="main.cpp">
      <Filter>Source Files</Filter>
    </ClCompile>
    <ClCompile Include="OFFConverter.cpp">
      <Filter>Source Files</Filter>
    </ClCompile>
    <ClCompile Include="include\MeshDecimation\DistancePointTriangle.cpp">
      <Filter>Header Files\MeshDecimation</Filter>
    </ClCompile>
    <ClCompile Include="include\MeshDecimation\SurfaceMesh.cpp">
      <Filter>Header Files\MeshDecimation</Filter>
    </ClCompile>
    <ClCompile Include="include\MeshDecimation\SurfaceMeshIO.cpp">
      <Filter>Header Files\MeshDecimation</Filter>
    </ClCompile>
    <ClCompile Include="include\MeshDecimation\SurfaceNormals.cpp">
      <Filter>Header Files\MeshDecimation</Filter>
    </ClCompile>
    <ClCompile Include="include\MeshDecimation\SurfaceSimplification.cpp">
      <Filter>Header Files\MeshDecimation</Filter>
    </ClCompile>
    <ClCompile Include="include\PCA\alglibinternal.cpp">
      <Filter>Header Files\PCA</Filter>
    </ClCompile>
    <ClCompile Include="include\PCA\alglibmisc.cpp">
      <Filter>Header Files\PCA</Filter>
    </ClCompile>
    <ClCompile Include="include\PCA\ap.cpp">
      <Filter>Header Files\PCA</Filter>
    </ClCompile>
    <ClCompile Include="include\PCA\dataanalysis.cpp">
      <Filter>Header Files\PCA</Filter>
    </ClCompile>
    <ClCompile Include="include\PCA\diffequations.cpp">
      <Filter>Header Files\PCA</Filter>
    </ClCompile>
    <ClCompile Include="include\PCA\fasttransforms.cpp">
      <Filter>Header Files\PCA</Filter>
    </ClCompile>
    <ClCompile Include="include\PCA\integration.cpp">
      <Filter>Header Files\PCA</Filter>
    </ClCompile>
    <ClCompile Include="include\PCA\interpolation.cpp">
      <Filter>Header Files\PCA</Filter>
    </ClCompile>
    <ClCompile Include="include\PCA\linalg.cpp">
      <Filter>Header Files\PCA</Filter>
    </ClCompile>
    <ClCompile Include="include\PCA\optimization.cpp">
      <Filter>Header Files\PCA</Filter>
    </ClCompile>
    <ClCompile Include="include\PCA\solvers.cpp">
      <Filter>Header Files\PCA</Filter>
    </ClCompile>
    <ClCompile Include="include\PCA\specialfunctions.cpp">
      <Filter>Header Files\PCA</Filter>
    </ClCompile>
    <ClCompile Include="include\PCA\statistics.cpp">
      <Filter>Header Files\PCA</Filter>
    </ClCompile>
    <ClCompile Include="FourStepNorm.cpp">
      <Filter>Source Files</Filter>
    </ClCompile>
    <ClCompile Include="meshdescription.cpp">
      <Filter>Source Files</Filter>
    </ClCompile>
    <ClCompile Include="PlyWriter.cpp">
      <Filter>Source Files</Filter>
    </ClCompile>
    <ClCompile Include="Supersampler.cpp">
      <Filter>Source Files</Filter>
    </ClCompile>
    <ClCompile Include="DatabaseReader.cpp">
      <Filter>Source Files</Filter>
    </ClCompile>
    <ClCompile Include="OffReader.cpp">
      <Filter>Source Files</Filter>
    </ClCompile>
    <ClCompile Include="featureExtraction.cpp">
      <Filter>Source Files</Filter>
    </ClCompile>
    <ClCompile Include="include\MeshDecimation\DifferentialGeometry.cpp">
      <Filter>Header Files\MeshDecimation</Filter>
    </ClCompile>
    <ClCompile Include="Matching.cpp">
      <Filter>Source Files</Filter>
    </ClCompile>
    <ClCompile Include="PSBClaParse.cpp">
      <Filter>Source Files</Filter>
    </ClCompile>
    <ClCompile Include="include\KNN\src\ANN.cpp">
      <Filter>Header Files\KNN</Filter>
    </ClCompile>
    <ClCompile Include="include\KNN\src\bd_fix_rad_search.cpp">
      <Filter>Header Files\KNN</Filter>
    </ClCompile>
    <ClCompile Include="include\KNN\src\bd_pr_search.cpp">
      <Filter>Header Files\KNN</Filter>
    </ClCompile>
    <ClCompile Include="include\KNN\src\bd_search.cpp">
      <Filter>Header Files\KNN</Filter>
    </ClCompile>
    <ClCompile Include="include\KNN\src\bd_tree.cpp">
      <Filter>Header Files\KNN</Filter>
    </ClCompile>
    <ClCompile Include="include\KNN\src\brute.cpp">
      <Filter>Header Files\KNN</Filter>
    </ClCompile>
    <ClCompile Include="include\KNN\src\kd_dump.cpp">
      <Filter>Header Files\KNN</Filter>
    </ClCompile>
    <ClCompile Include="include\KNN\src\kd_fix_rad_search.cpp">
      <Filter>Header Files\KNN</Filter>
    </ClCompile>
    <ClCompile Include="include\KNN\src\kd_pr_search.cpp">
      <Filter>Header Files\KNN</Filter>
    </ClCompile>
    <ClCompile Include="include\KNN\src\kd_search.cpp">
      <Filter>Header Files\KNN</Filter>
    </ClCompile>
    <ClCompile Include="include\KNN\src\kd_split.cpp">
      <Filter>Header Files\KNN</Filter>
    </ClCompile>
    <ClCompile Include="include\KNN\src\kd_tree.cpp">
      <Filter>Header Files\KNN</Filter>
    </ClCompile>
    <ClCompile Include="include\KNN\src\kd_util.cpp">
      <Filter>Header Files\KNN</Filter>
    </ClCompile>
    <ClCompile Include="include\KNN\src\perf.cpp">
      <Filter>Header Files\KNN</Filter>
    </ClCompile>
    <ClCompile Include="Kdd.cpp">
      <Filter>Source Files</Filter>
    </ClCompile>
  </ItemGroup>
  <ItemGroup>
    <None Include="packages.config" />
  </ItemGroup>
  <ItemGroup>
    <ClInclude Include="include\zpr.h">
      <Filter>Header Files</Filter>
    </ClInclude>
    <ClInclude Include="include\MeshRenderer.h">
      <Filter>Header Files</Filter>
    </ClInclude>
    <ClInclude Include="include\PlyReader.h">
      <Filter>Header Files</Filter>
    </ClInclude>
    <ClInclude Include="include\UnstructuredGrid3D.h">
      <Filter>Header Files</Filter>
    </ClInclude>
    <ClInclude Include="include\VectorAttributes.h">
      <Filter>Header Files</Filter>
    </ClInclude>
    <ClInclude Include="include\UnstructuredGrid.h">
      <Filter>Header Files</Filter>
    </ClInclude>
    <ClInclude Include="include\Grid.h">
      <Filter>Header Files</Filter>
    </ClInclude>
    <ClInclude Include="include\ScalarAttributes.h">
      <Filter>Header Files</Filter>
    </ClInclude>
    <ClInclude Include="include\Renderer.h">
      <Filter>Header Files</Filter>
    </ClInclude>
    <ClInclude Include="include\ply.h">
      <Filter>Header Files</Filter>
    </ClInclude>
    <ClInclude Include="include\Point3d.h">
      <Filter>Header Files</Filter>
    </ClInclude>
    <ClInclude Include="include\SimpleRenderer.h">
      <Filter>Header Files</Filter>
    </ClInclude>
    <ClInclude Include="OFFConverter.h">
      <Filter>Header Files</Filter>
    </ClInclude>
    <ClInclude Include="include\MeshDecimation\Types.h">
      <Filter>Header Files\MeshDecimation</Filter>
    </ClInclude>
    <ClInclude Include="include\MeshDecimation\BoundingBox.h">
      <Filter>Header Files\MeshDecimation</Filter>
    </ClInclude>
    <ClInclude Include="include\MeshDecimation\DistancePointTriangle.h">
      <Filter>Header Files\MeshDecimation</Filter>
    </ClInclude>
    <ClInclude Include="include\MeshDecimation\Heap.h">
      <Filter>Header Files\MeshDecimation</Filter>
    </ClInclude>
    <ClInclude Include="include\MeshDecimation\MatVec.h">
      <Filter>Header Files\MeshDecimation</Filter>
    </ClInclude>
    <ClInclude Include="include\MeshDecimation\NormalCone.h">
      <Filter>Header Files\MeshDecimation</Filter>
    </ClInclude>
    <ClInclude Include="include\MeshDecimation\Properties.h">
      <Filter>Header Files\MeshDecimation</Filter>
    </ClInclude>
    <ClInclude Include="include\MeshDecimation\Quadric.h">
      <Filter>Header Files\MeshDecimation</Filter>
    </ClInclude>
    <ClInclude Include="include\MeshDecimation\SurfaceMesh.h">
      <Filter>Header Files\MeshDecimation</Filter>
    </ClInclude>
    <ClInclude Include="include\MeshDecimation\SurfaceMeshIO.h">
      <Filter>Header Files\MeshDecimation</Filter>
    </ClInclude>
    <ClInclude Include="include\MeshDecimation\SurfaceNormals.h">
      <Filter>Header Files\MeshDecimation</Filter>
    </ClInclude>
    <ClInclude Include="include\MeshDecimation\SurfaceSimplification.h">
      <Filter>Header Files\MeshDecimation</Filter>
    </ClInclude>
    <ClInclude Include="include\PCA\stdafx.h">
      <Filter>Header Files\PCA</Filter>
    </ClInclude>
    <ClInclude Include="include\PCA\alglibinternal.h">
      <Filter>Header Files\PCA</Filter>
    </ClInclude>
    <ClInclude Include="include\PCA\alglibmisc.h">
      <Filter>Header Files\PCA</Filter>
    </ClInclude>
    <ClInclude Include="include\PCA\ap.h">
      <Filter>Header Files\PCA</Filter>
    </ClInclude>
    <ClInclude Include="include\PCA\dataanalysis.h">
      <Filter>Header Files\PCA</Filter>
    </ClInclude>
    <ClInclude Include="include\PCA\diffequations.h">
      <Filter>Header Files\PCA</Filter>
    </ClInclude>
    <ClInclude Include="include\PCA\fasttransforms.h">
      <Filter>Header Files\PCA</Filter>
    </ClInclude>
    <ClInclude Include="include\PCA\integration.h">
      <Filter>Header Files\PCA</Filter>
    </ClInclude>
    <ClInclude Include="include\PCA\interpolation.h">
      <Filter>Header Files\PCA</Filter>
    </ClInclude>
    <ClInclude Include="include\PCA\linalg.h">
      <Filter>Header Files\PCA</Filter>
    </ClInclude>
    <ClInclude Include="include\PCA\optimization.h">
      <Filter>Header Files\PCA</Filter>
    </ClInclude>
    <ClInclude Include="include\PCA\solvers.h">
      <Filter>Header Files\PCA</Filter>
    </ClInclude>
    <ClInclude Include="include\PCA\specialfunctions.h">
      <Filter>Header Files\PCA</Filter>
    </ClInclude>
    <ClInclude Include="include\PCA\statistics.h">
      <Filter>Header Files\PCA</Filter>
    </ClInclude>
    <ClInclude Include="include\FourStepNorm.h">
      <Filter>Header Files</Filter>
    </ClInclude>
    <ClInclude Include="include\meshDescription.h">
      <Filter>Header Files</Filter>
    </ClInclude>
    <ClInclude Include="PlyWriter.h">
      <Filter>Header Files</Filter>
    </ClInclude>
    <ClInclude Include="Supersampler.h">
      <Filter>Header Files</Filter>
    </ClInclude>
    <ClInclude Include="DatabaseReader.h">
      <Filter>Header Files</Filter>
    </ClInclude>
    <ClInclude Include="include\OffReader.h">
      <Filter>Header Files</Filter>
    </ClInclude>
    <ClInclude Include="include\featureExtraction.h">
      <Filter>Header Files</Filter>
    </ClInclude>
    <ClInclude Include="include\MeshDecimation\DifferentialGeometry.h">
      <Filter>Header Files\MeshDecimation</Filter>
    </ClInclude>
    <ClInclude Include="include\Matching.h">
      <Filter>Header Files</Filter>
    </ClInclude>
    <ClInclude Include="PSBClaParse.h">
      <Filter>Header Files</Filter>
    </ClInclude>
    <ClInclude Include="include\KNN\src\ANN\ANN.h">
      <Filter>Header Files\KNN</Filter>
    </ClInclude>
    <ClInclude Include="include\KNN\src\ANN\ANNperf.h">
      <Filter>Header Files\KNN</Filter>
    </ClInclude>
    <ClInclude Include="include\KNN\src\ANN\ANNx.h">
      <Filter>Header Files\KNN</Filter>
    </ClInclude>
    <ClInclude Include="include\KNN\src\bd_tree.h">
      <Filter>Header Files\KNN</Filter>
    </ClInclude>
    <ClInclude Include="include\KNN\src\kd_fix_rad_search.h">
      <Filter>Header Files\KNN</Filter>
    </ClInclude>
    <ClInclude Include="include\KNN\src\kd_pr_search.h">
      <Filter>Header Files\KNN</Filter>
    </ClInclude>
    <ClInclude Include="include\KNN\src\kd_search.h">
      <Filter>Header Files\KNN</Filter>
    </ClInclude>
    <ClInclude Include="include\KNN\src\kd_split.h">
      <Filter>Header Files\KNN</Filter>
    </ClInclude>
    <ClInclude Include="include\KNN\src\kd_tree.h">
      <Filter>Header Files\KNN</Filter>
    </ClInclude>
    <ClInclude Include="include\KNN\src\kd_util.h">
      <Filter>Header Files\KNN</Filter>
    </ClInclude>
    <ClInclude Include="include\KNN\src\pr_queue.h">
      <Filter>Header Files\KNN</Filter>
    </ClInclude>
    <ClInclude Include="include\KNN\src\pr_queue_k.h">
      <Filter>Header Files\KNN</Filter>
    </ClInclude>
    <ClInclude Include="include\Kdd.h">
      <Filter>Header Files</Filter>
    </ClInclude>
  </ItemGroup>
</Project>